// !$*UTF8*$!
{
	archiveVersion = 1;
	classes = {
	};
	objectVersion = 46;
	objects = {

/* Begin PBXBuildFile section */
		BD9BB8971A592E09008D9D06 /* main.m in Sources */ = {isa = PBXBuildFile; fileRef = BD9BB8961A592E09008D9D06 /* main.m */; };
		BD9BB89A1A592E09008D9D06 /* AppDelegate.m in Sources */ = {isa = PBXBuildFile; fileRef = BD9BB8991A592E09008D9D06 /* AppDelegate.m */; };
		BD9BB89D1A592E09008D9D06 /* ViewController.m in Sources */ = {isa = PBXBuildFile; fileRef = BD9BB89C1A592E09008D9D06 /* ViewController.m */; };
		BD9BB8A01A592E09008D9D06 /* Main.storyboard in Resources */ = {isa = PBXBuildFile; fileRef = BD9BB89E1A592E09008D9D06 /* Main.storyboard */; };
		BD9BB8A21A592E09008D9D06 /* Images.xcassets in Resources */ = {isa = PBXBuildFile; fileRef = BD9BB8A11A592E09008D9D06 /* Images.xcassets */; };
		BD9BB8A51A592E09008D9D06 /* LaunchScreen.xib in Resources */ = {isa = PBXBuildFile; fileRef = BD9BB8A31A592E09008D9D06 /* LaunchScreen.xib */; };
		BD9BB8B11A592E0A008D9D06 /* CricketDuniyaTests.m in Sources */ = {isa = PBXBuildFile; fileRef = BD9BB8B01A592E0A008D9D06 /* CricketDuniyaTests.m */; };
/* End PBXBuildFile section */

/* Begin PBXContainerItemProxy section */
		BD9BB8AB1A592E0A008D9D06 /* PBXContainerItemProxy */ = {
			isa = PBXContainerItemProxy;
			containerPortal = BD9BB8891A592E09008D9D06 /* Project object */;
			proxyType = 1;
			remoteGlobalIDString = BD9BB8901A592E09008D9D06;
			remoteInfo = CricketDuniya;
		};
/* End PBXContainerItemProxy section */

/* Begin PBXFileReference section */
		BD9BB8911A592E09008D9D06 /* CricketDuniya.app */ = {isa = PBXFileReference; explicitFileType = wrapper.application; includeInIndex = 0; path = CricketDuniya.app; sourceTree = BUILT_PRODUCTS_DIR; };
		BD9BB8951A592E09008D9D06 /* Info.plist */ = {isa = PBXFileReference; lastKnownFileType = text.plist.xml; path = Info.plist; sourceTree = "<group>"; };
		BD9BB8961A592E09008D9D06 /* main.m */ = {isa = PBXFileReference; lastKnownFileType = sourcecode.c.objc; path = main.m; sourceTree = "<group>"; };
		BD9BB8981A592E09008D9D06 /* AppDelegate.h */ = {isa = PBXFileReference; lastKnownFileType = sourcecode.c.h; path = AppDelegate.h; sourceTree = "<group>"; };
		BD9BB8991A592E09008D9D06 /* AppDelegate.m */ = {isa = PBXFileReference; lastKnownFileType = sourcecode.c.objc; path = AppDelegate.m; sourceTree = "<group>"; };
		BD9BB89B1A592E09008D9D06 /* ViewController.h */ = {isa = PBXFileReference; lastKnownFileType = sourcecode.c.h; path = ViewController.h; sourceTree = "<group>"; };
		BD9BB89C1A592E09008D9D06 /* ViewController.m */ = {isa = PBXFileReference; lastKnownFileType = sourcecode.c.objc; path = ViewController.m; sourceTree = "<group>"; };
		BD9BB89F1A592E09008D9D06 /* Base */ = {isa = PBXFileReference; lastKnownFileType = file.storyboard; name = Base; path = Base.lproj/Main.storyboard; sourceTree = "<group>"; };
		BD9BB8A11A592E09008D9D06 /* Images.xcassets */ = {isa = PBXFileReference; lastKnownFileType = folder.assetcatalog; path = Images.xcassets; sourceTree = "<group>"; };
		BD9BB8A41A592E09008D9D06 /* Base */ = {isa = PBXFileReference; lastKnownFileType = file.xib; name = Base; path = Base.lproj/LaunchScreen.xib; sourceTree = "<group>"; };
		BD9BB8AA1A592E0A008D9D06 /* CricketDuniyaTests.xctest */ = {isa = PBXFileReference; explicitFileType = wrapper.cfbundle; includeInIndex = 0; path = CricketDuniyaTests.xctest; sourceTree = BUILT_PRODUCTS_DIR; };
		BD9BB8AF1A592E0A008D9D06 /* Info.plist */ = {isa = PBXFileReference; lastKnownFileType = text.plist.xml; path = Info.plist; sourceTree = "<group>"; };
		BD9BB8B01A592E0A008D9D06 /* CricketDuniyaTests.m */ = {isa = PBXFileReference; lastKnownFileType = sourcecode.c.objc; path = CricketDuniyaTests.m; sourceTree = "<group>"; };
/* End PBXFileReference section */

/* Begin PBXFrameworksBuildPhase section */
		BD9BB88E1A592E09008D9D06 /* Frameworks */ = {
			isa = PBXFrameworksBuildPhase;
			buildActionMask = 2147483647;
			files = (
			);
			runOnlyForDeploymentPostprocessing = 0;
		};
		BD9BB8A71A592E0A008D9D06 /* Frameworks */ = {
			isa = PBXFrameworksBuildPhase;
			buildActionMask = 2147483647;
			files = (
			);
			runOnlyForDeploymentPostprocessing = 0;
		};
/* End PBXFrameworksBuildPhase section */

/* Begin PBXGroup section */
		BD9BB8881A592E09008D9D06 = {
			isa = PBXGroup;
			children = (
				BD9BB8931A592E09008D9D06 /* CricketDuniya */,
				BD9BB8AD1A592E0A008D9D06 /* CricketDuniyaTests */,
				BD9BB8921A592E09008D9D06 /* Products */,
			);
			sourceTree = "<group>";
		};
		BD9BB8921A592E09008D9D06 /* Products */ = {
			isa = PBXGroup;
			children = (
				BD9BB8911A592E09008D9D06 /* CricketDuniya.app */,
				BD9BB8AA1A592E0A008D9D06 /* CricketDuniyaTests.xctest */,
			);
			name = Products;
			sourceTree = "<group>";
		};
		BD9BB8931A592E09008D9D06 /* CricketDuniya */ = {
			isa = PBXGroup;
			children = (
				BD9BB8981A592E09008D9D06 /* AppDelegate.h */,
				BD9BB8991A592E09008D9D06 /* AppDelegate.m */,
				BD9BB89B1A592E09008D9D06 /* ViewController.h */,
				BD9BB89C1A592E09008D9D06 /* ViewController.m */,
				BD9BB89E1A592E09008D9D06 /* Main.storyboard */,
				BD9BB8A11A592E09008D9D06 /* Images.xcassets */,
				BD9BB8A31A592E09008D9D06 /* LaunchScreen.xib */,
				BD9BB8941A592E09008D9D06 /* Supporting Files */,
			);
			path = CricketDuniya;
			sourceTree = "<group>";
		};
		BD9BB8941A592E09008D9D06 /* Supporting Files */ = {
			isa = PBXGroup;
			children = (
				BD9BB8951A592E09008D9D06 /* Info.plist */,
				BD9BB8961A592E09008D9D06 /* main.m */,
			);
			name = "Supporting Files";
			sourceTree = "<group>";
		};
		BD9BB8AD1A592E0A008D9D06 /* CricketDuniyaTests */ = {
			isa = PBXGroup;
			children = (
				BD9BB8B01A592E0A008D9D06 /* CricketDuniyaTests.m */,
				BD9BB8AE1A592E0A008D9D06 /* Supporting Files */,
			);
			path = CricketDuniyaTests;
			sourceTree = "<group>";
		};
		BD9BB8AE1A592E0A008D9D06 /* Supporting Files */ = {
			isa = PBXGroup;
			children = (
				BD9BB8AF1A592E0A008D9D06 /* Info.plist */,
			);
			name = "Supporting Files";
			sourceTree = "<group>";
		};
/* End PBXGroup section */

/* Begin PBXNativeTarget section */
		BD9BB8901A592E09008D9D06 /* CricketDuniya */ = {
			isa = PBXNativeTarget;
			buildConfigurationList = BD9BB8B41A592E0A008D9D06 /* Build configuration list for PBXNativeTarget "CricketDuniya" */;
			buildPhases = (
				BD9BB88D1A592E09008D9D06 /* Sources */,
				BD9BB88E1A592E09008D9D06 /* Frameworks */,
				BD9BB88F1A592E09008D9D06 /* Resources */,
			);
			buildRules = (
			);
			dependencies = (
			);
			name = CricketDuniya;
			productName = CricketDuniya;
			productReference = BD9BB8911A592E09008D9D06 /* CricketDuniya.app */;
			productType = "com.apple.product-type.application";
		};
		BD9BB8A91A592E0A008D9D06 /* CricketDuniyaTests */ = {
			isa = PBXNativeTarget;
			buildConfigurationList = BD9BB8B71A592E0A008D9D06 /* Build configuration list for PBXNativeTarget "CricketDuniyaTests" */;
			buildPhases = (
				BD9BB8A61A592E0A008D9D06 /* Sources */,
				BD9BB8A71A592E0A008D9D06 /* Frameworks */,
				BD9BB8A81A592E0A008D9D06 /* Resources */,
			);
			buildRules = (
			);
			dependencies = (
				BD9BB8AC1A592E0A008D9D06 /* PBXTargetDependency */,
			);
			name = CricketDuniyaTests;
			productName = CricketDuniyaTests;
			productReference = BD9BB8AA1A592E0A008D9D06 /* CricketDuniyaTests.xctest */;
			productType = "com.apple.product-type.bundle.unit-test";
		};
/* End PBXNativeTarget section */

/* Begin PBXProject section */
		BD9BB8891A592E09008D9D06 /* Project object */ = {
			isa = PBXProject;
			attributes = {
				LastUpgradeCheck = 0610;
				ORGANIZATIONNAME = apmocon;
				TargetAttributes = {
					BD9BB8901A592E09008D9D06 = {
						CreatedOnToolsVersion = 6.1;
					};
					BD9BB8A91A592E0A008D9D06 = {
						CreatedOnToolsVersion = 6.1;
						TestTargetID = BD9BB8901A592E09008D9D06;
					};
				};
			};
			buildConfigurationList = BD9BB88C1A592E09008D9D06 /* Build configuration list for PBXProject "CricketDuniya" */;
			compatibilityVersion = "Xcode 3.2";
			developmentRegion = English;
			hasScannedForEncodings = 0;
			knownRegions = (
				en,
				Base,
			);
			mainGroup = BD9BB8881A592E09008D9D06;
			productRefGroup = BD9BB8921A592E09008D9D06 /* Products */;
			projectDirPath = "";
			projectRoot = "";
			targets = (
				BD9BB8901A592E09008D9D06 /* CricketDuniya */,
				BD9BB8A91A592E0A008D9D06 /* CricketDuniyaTests */,
			);
		};
/* End PBXProject section */

/* Begin PBXResourcesBuildPhase section */
		BD9BB88F1A592E09008D9D06 /* Resources */ = {
			isa = PBXResourcesBuildPhase;
			buildActionMask = 2147483647;
			files = (
				BD9BB8A01A592E09008D9D06 /* Main.storyboard in Resources */,
				BD9BB8A51A592E09008D9D06 /* LaunchScreen.xib in Resources */,
				BD9BB8A21A592E09008D9D06 /* Images.xcassets in Resources */,
			);
			runOnlyForDeploymentPostprocessing = 0;
		};
		BD9BB8A81A592E0A008D9D06 /* Resources */ = {
			isa = PBXResourcesBuildPhase;
			buildActionMask = 2147483647;
			files = (
			);
			runOnlyForDeploymentPostprocessing = 0;
		};
/* End PBXResourcesBuildPhase section */

/* Begin PBXSourcesBuildPhase section */
		BD9BB88D1A592E09008D9D06 /* Sources */ = {
			isa = PBXSourcesBuildPhase;
			buildActionMask = 2147483647;
			files = (
				BD9BB89D1A592E09008D9D06 /* ViewController.m in Sources */,
				BD9BB89A1A592E09008D9D06 /* AppDelegate.m in Sources */,
				BD9BB8971A592E09008D9D06 /* main.m in Sources */,
			);
			runOnlyForDeploymentPostprocessing = 0;
		};
		BD9BB8A61A592E0A008D9D06 /* Sources */ = {
			isa = PBXSourcesBuildPhase;
			buildActionMask = 2147483647;
			files = (
				BD9BB8B11A592E0A008D9D06 /* CricketDuniyaTests.m in Sources */,
			);
			runOnlyForDeploymentPostprocessing = 0;
		};
/* End PBXSourcesBuildPhase section */

/* Begin PBXTargetDependency section */
		BD9BB8AC1A592E0A008D9D06 /* PBXTargetDependency */ = {
			isa = PBXTargetDependency;
			target = BD9BB8901A592E09008D9D06 /* CricketDuniya */;
			targetProxy = BD9BB8AB1A592E0A008D9D06 /* PBXContainerItemProxy */;
		};
/* End PBXTargetDependency section */

/* Begin PBXVariantGroup section */
		BD9BB89E1A592E09008D9D06 /* Main.storyboard */ = {
			isa = PBXVariantGroup;
			children = (
				BD9BB89F1A592E09008D9D06 /* Base */,
			);
			name = Main.storyboard;
			sourceTree = "<group>";
		};
		BD9BB8A31A592E09008D9D06 /* LaunchScreen.xib */ = {
			isa = PBXVariantGroup;
			children = (
				BD9BB8A41A592E09008D9D06 /* Base */,
			);
			name = LaunchScreen.xib;
			sourceTree = "<group>";
		};
/* End PBXVariantGroup section */

/* Begin XCBuildConfiguration section */
		BD9BB8B21A592E0A008D9D06 /* Debug */ = {
			isa = XCBuildConfiguration;
			buildSettings = {
				ALWAYS_SEARCH_USER_PATHS = NO;
				CLANG_CXX_LANGUAGE_STANDARD = "gnu++0x";
				CLANG_CXX_LIBRARY = "libc++";
				CLANG_ENABLE_MODULES = YES;
				CLANG_ENABLE_OBJC_ARC = YES;
				CLANG_WARN_BOOL_CONVERSION = YES;
				CLANG_WARN_CONSTANT_CONVERSION = YES;
				CLANG_WARN_DIRECT_OBJC_ISA_USAGE = YES_ERROR;
				CLANG_WARN_EMPTY_BODY = YES;
				CLANG_WARN_ENUM_CONVERSION = YES;
				CLANG_WARN_INT_CONVERSION = YES;
				CLANG_WARN_OBJC_ROOT_CLASS = YES_ERROR;
				CLANG_WARN_UNREACHABLE_CODE = YES;
				CLANG_WARN__DUPLICATE_METHOD_MATCH = YES;
				"CODE_SIGN_IDENTITY[sdk=iphoneos*]" = "iPhone Developer";
				COPY_PHASE_STRIP = NO;
				ENABLE_STRICT_OBJC_MSGSEND = YES;
				GCC_C_LANGUAGE_STANDARD = gnu99;
				GCC_DYNAMIC_NO_PIC = NO;
				GCC_OPTIMIZATION_LEVEL = 0;
				GCC_PREPROCESSOR_DEFINITIONS = (
					"DEBUG=1",
					"$(inherited)",
				);
				GCC_SYMBOLS_PRIVATE_EXTERN = NO;
				GCC_WARN_64_TO_32_BIT_CONVERSION = YES;
				GCC_WARN_ABOUT_RETURN_TYPE = YES_ERROR;
				GCC_WARN_UNDECLARED_SELECTOR = YES;
				GCC_WARN_UNINITIALIZED_AUTOS = YES_AGGRESSIVE;
				GCC_WARN_UNUSED_FUNCTION = YES;
				GCC_WARN_UNUSED_VARIABLE = YES;
				IPHONEOS_DEPLOYMENT_TARGET = 8.1;
				MTL_ENABLE_DEBUG_INFO = YES;
				ONLY_ACTIVE_ARCH = YES;
				SDKROOT = iphoneos;
			};
			name = Debug;
		};
		BD9BB8B31A592E0A008D9D06 /* Release */ = {
			isa = XCBuildConfiguration;
			buildSettings = {
				ALWAYS_SEARCH_USER_PATHS = NO;
				CLANG_CXX_LANGUAGE_STANDARD = "gnu++0x";
				CLANG_CXX_LIBRARY = "libc++";
				CLANG_ENABLE_MODULES = YES;
				CLANG_ENABLE_OBJC_ARC = YES;
				CLANG_WARN_BOOL_CONVERSION = YES;
				CLANG_WARN_CONSTANT_CONVERSION = YES;
				CLANG_WARN_DIRECT_OBJC_ISA_USAGE = YES_ERROR;
				CLANG_WARN_EMPTY_BODY = YES;
				CLANG_WARN_ENUM_CONVERSION = YES;
				CLANG_WARN_INT_CONVERSION = YES;
				CLANG_WARN_OBJC_ROOT_CLASS = YES_ERROR;
				CLANG_WARN_UNREACHABLE_CODE = YES;
				CLANG_WARN__DUPLICATE_METHOD_MATCH = YES;
				"CODE_SIGN_IDENTITY[sdk=iphoneos*]" = "iPhone Developer";
				COPY_PHASE_STRIP = YES;
				ENABLE_NS_ASSERTIONS = NO;
				ENABLE_STRICT_OBJC_MSGSEND = YES;
				GCC_C_LANGUAGE_STANDARD = gnu99;
				GCC_WARN_64_TO_32_BIT_CONVERSION = YES;
				GCC_WARN_ABOUT_RETURN_TYPE = YES_ERROR;
				GCC_WARN_UNDECLARED_SELECTOR = YES;
				GCC_WARN_UNINITIALIZED_AUTOS = YES_AGGRESSIVE;
				GCC_WARN_UNUSED_FUNCTION = YES;
				GCC_WARN_UNUSED_VARIABLE = YES;
				IPHONEOS_DEPLOYMENT_TARGET = 8.1;
				MTL_ENABLE_DEBUG_INFO = NO;
				SDKROOT = iphoneos;
				VALIDATE_PRODUCT = YES;
			};
			name = Release;
		};
		BD9BB8B51A592E0A008D9D06 /* Debug */ = {
			isa = XCBuildConfiguration;
			buildSettings = {
				ASSETCATALOG_COMPILER_APPICON_NAME = AppIcon;
				INFOPLIST_FILE = CricketDuniya/Info.plist;
				LD_RUNPATH_SEARCH_PATHS = "$(inherited) @executable_path/Frameworks";
				PRODUCT_NAME = "$(TARGET_NAME)";
			};
			name = Debug;
		};
		BD9BB8B61A592E0A008D9D06 /* Release */ = {
			isa = XCBuildConfiguration;
			buildSettings = {
				ASSETCATALOG_COMPILER_APPICON_NAME = AppIcon;
				INFOPLIST_FILE = CricketDuniya/Info.plist;
				LD_RUNPATH_SEARCH_PATHS = "$(inherited) @executable_path/Frameworks";
				PRODUCT_NAME = "$(TARGET_NAME)";
			};
			name = Release;
		};
		BD9BB8B81A592E0A008D9D06 /* Debug */ = {
			isa = XCBuildConfiguration;
			buildSettings = {
				BUNDLE_LOADER = "$(TEST_HOST)";
				FRAMEWORK_SEARCH_PATHS = (
					"$(SDKROOT)/Developer/Library/Frameworks",
					"$(inherited)",
				);
				GCC_PREPROCESSOR_DEFINITIONS = (
					"DEBUG=1",
					"$(inherited)",
				);
				INFOPLIST_FILE = CricketDuniyaTests/Info.plist;
				LD_RUNPATH_SEARCH_PATHS = "$(inherited) @executable_path/Frameworks @loader_path/Frameworks";
				PRODUCT_NAME = "$(TARGET_NAME)";
				TEST_HOST = "$(BUILT_PRODUCTS_DIR)/CricketDuniya.app/CricketDuniya";
			};
			name = Debug;
		};
		BD9BB8B91A592E0A008D9D06 /* Release */ = {
			isa = XCBuildConfiguration;
			buildSettings = {
				BUNDLE_LOADER = "$(TEST_HOST)";
				FRAMEWORK_SEARCH_PATHS = (
					"$(SDKROOT)/Developer/Library/Frameworks",
					"$(inherited)",
				);
				INFOPLIST_FILE = CricketDuniyaTests/Info.plist;
				LD_RUNPATH_SEARCH_PATHS = "$(inherited) @executable_path/Frameworks @loader_path/Frameworks";
				PRODUCT_NAME = "$(TARGET_NAME)";
				TEST_HOST = "$(BUILT_PRODUCTS_DIR)/CricketDuniya.app/CricketDuniya";
			};
			name = Release;
		};
/* End XCBuildConfiguration section */

/* Begin XCConfigurationList section */
		BD9BB88C1A592E09008D9D06 /* Build configuration list for PBXProject "CricketDuniya" */ = {
			isa = XCConfigurationList;
			buildConfigurations = (
				BD9BB8B21A592E0A008D9D06 /* Debug */,
				BD9BB8B31A592E0A008D9D06 /* Release */,
			);
			defaultConfigurationIsVisible = 0;
			defaultConfigurationName = Release;
		};
		BD9BB8B41A592E0A008D9D06 /* Build configuration list for PBXNativeTarget "CricketDuniya" */ = {
			isa = XCConfigurationList;
			buildConfigurations = (
				BD9BB8B51A592E0A008D9D06 /* Debug */,
				BD9BB8B61A592E0A008D9D06 /* Release */,
			);
			defaultConfigurationIsVisible = 0;
		};
		BD9BB8B71A592E0A008D9D06 /* Build configuration list for PBXNativeTarget "CricketDuniyaTests" */ = {
			isa = XCConfigurationList;
			buildConfigurations = (
				BD9BB8B81A592E0A008D9D06 /* Debug */,
				BD9BB8B91A592E0A008D9D06 /* Release */,
			);
			defaultConfigurationIsVisible = 0;
		};
/* End XCConfigurationList section */
	};
	rootObject = BD9BB8891A592E09008D9D06 /* Project object */;
}
